
Microsoft Visual Studio Solution File, Format Version 12.00
# Visual Studio Version 17
VisualStudioVersion = 17.8.34330.188
MinimumVisualStudioVersion = 10.0.40219.1
Project("{9A19103F-16F7-4668-BE54-9A1E7A4F7556}") = "Chronos", "Chronos.csproj", "{10232F8C-7620-448D-8348-3CE91B5A0768}"
EndProject
Global
	GlobalSection(SolutionConfigurationPlatforms) = preSolution
		Debug|Any CPU = Debug|Any CPU
		Release|Any CPU = Release|Any CPU
	EndGlobalSection
	GlobalSection(ProjectConfigurationPlatforms) = postSolution
		{10232F8C-7620-448D-8348-3CE91B5A0768}.Debug|Any CPU.ActiveCfg = Debug|Any CPU
		{10232F8C-7620-448D-8348-3CE91B5A0768}.Debug|Any CPU.Build.0 = Debug|Any CPU
		{10232F8C-7620-448D-8348-3CE91B5A0768}.Release|Any CPU.ActiveCfg = Release|Any CPU
		{10232F8C-7620-448D-8348-3CE91B5A0768}.Release|Any CPU.Build.0 = Release|Any CPU
	EndGlobalSection
	GlobalSection(SolutionProperties) = preSolution
		HideSolutionNode = FALSE
	EndGlobalSection
	GlobalSection(ExtensibilityGlobals) = postSolution
		SolutionGuid = {AAC3859B-52BC-4C03-B804-C2E09B428360}
	EndGlobalSection
EndGlobal
